{
  "object": {
    "pins": [
      {
        "package": "DummyLinuxOSLog",
        "repositoryURL": "https://github.com/happn-tech/DummyLinuxOSLog.git",
        "state": {
          "branch": null,
          "revision": "ce7a3bc30d38640d2bea2a3a72a7866d8d13c538",
          "version": "1.0.1"
        }
      },
      {
        "package": "RecursiveSyncDispatch",
        "repositoryURL": "https://github.com/happn-tech/RecursiveSyncDispatch.git",
        "state": {
          "branch": null,
          "revision": "b038867545cde7d635b9f76e06d378149fd8a6c8",
          "version": "1.0.0"
        }
      }
    ]
  },
  "version": 1
}
